// !$*UTF8*$!
{
	archiveVersion = 1;
	classes = {
	};
	objectVersion = 46;
	objects = {

/* Begin PBXBuildFile section */
		1272291F1C1B1F600070832C /* Main.storyboard in Resources */ = {isa = PBXBuildFile; fileRef = 1272291D1C1B1F600070832C /* Main.storyboard */; };
		127229211C1B1F600070832C /* Assets.xcassets in Resources */ = {isa = PBXBuildFile; fileRef = 127229201C1B1F600070832C /* Assets.xcassets */; };
		127229241C1B1F600070832C /* LaunchScreen.storyboard in Resources */ = {isa = PBXBuildFile; fileRef = 127229221C1B1F600070832C /* LaunchScreen.storyboard */; };
		127229301C1B1FD70070832C /* AppDelegate.swift in Sources */ = {isa = PBXBuildFile; fileRef = 1272292C1C1B1FD70070832C /* AppDelegate.swift */; };
		127229311C1B1FD70070832C /* ViewController.swift in Sources */ = {isa = PBXBuildFile; fileRef = 1272292F1C1B1FD70070832C /* ViewController.swift */; };
		127229461C1B20750070832C /* MFSideMenuContainerViewController.m in Sources */ = {isa = PBXBuildFile; fileRef = 127229411C1B20740070832C /* MFSideMenuContainerViewController.m */; };
		127229471C1B20750070832C /* MFSideMenuShadow.m in Sources */ = {isa = PBXBuildFile; fileRef = 127229431C1B20740070832C /* MFSideMenuShadow.m */; };
		127229481C1B20750070832C /* UIViewController+MFSideMenuAdditions.m in Sources */ = {isa = PBXBuildFile; fileRef = 127229451C1B20750070832C /* UIViewController+MFSideMenuAdditions.m */; };
		127229561C1B25E90070832C /* MenuViewController.swift in Sources */ = {isa = PBXBuildFile; fileRef = 127229551C1B25E90070832C /* MenuViewController.swift */; };
		127229581C1B26000070832C /* LoginViewController.swift in Sources */ = {isa = PBXBuildFile; fileRef = 127229571C1B26000070832C /* LoginViewController.swift */; };
		1272295D1C1B2D910070832C /* SimpleCell.swift in Sources */ = {isa = PBXBuildFile; fileRef = 1272295C1C1B2D910070832C /* SimpleCell.swift */; };
		1272295F1C1B43850070832C /* RegisterViewController.swift in Sources */ = {isa = PBXBuildFile; fileRef = 1272295E1C1B43850070832C /* RegisterViewController.swift */; };
		127229611C1B44830070832C /* BaseViewController.swift in Sources */ = {isa = PBXBuildFile; fileRef = 127229601C1B44830070832C /* BaseViewController.swift */; };
		127229631C1B49A10070832C /* TutorialViewController.swift in Sources */ = {isa = PBXBuildFile; fileRef = 127229621C1B49A10070832C /* TutorialViewController.swift */; };
		127229661C1B4B0C0070832C /* tutorialImg.png in Resources */ = {isa = PBXBuildFile; fileRef = 127229651C1B4B0C0070832C /* tutorialImg.png */; };
		127229681C1B4D800070832C /* AddReviewViewController.swift in Sources */ = {isa = PBXBuildFile; fileRef = 127229671C1B4D800070832C /* AddReviewViewController.swift */; };
		1272296A1C1B51B40070832C /* SearchCompanyViewController.swift in Sources */ = {isa = PBXBuildFile; fileRef = 127229691C1B51B40070832C /* SearchCompanyViewController.swift */; };
		1272296C1C1B53240070832C /* searchIcon.png in Resources */ = {isa = PBXBuildFile; fileRef = 1272296B1C1B53240070832C /* searchIcon.png */; };
		1272296E1C1B7A510070832C /* QuartzCore.framework in Frameworks */ = {isa = PBXBuildFile; fileRef = 1272296D1C1B7A510070832C /* QuartzCore.framework */; };
		127229731C1B8BAE0070832C /* menuIcon.png in Resources */ = {isa = PBXBuildFile; fileRef = 127229721C1B8BAE0070832C /* menuIcon.png */; };
		127229751C1B8CB10070832C /* infoIcon.png in Resources */ = {isa = PBXBuildFile; fileRef = 127229741C1B8CB10070832C /* infoIcon.png */; };
		127229771C1B949E0070832C /* SettingsViewController.swift in Sources */ = {isa = PBXBuildFile; fileRef = 127229761C1B949E0070832C /* SettingsViewController.swift */; };
		127229791C1B94C90070832C /* MyReviewsViewController.swift in Sources */ = {isa = PBXBuildFile; fileRef = 127229781C1B94C90070832C /* MyReviewsViewController.swift */; };
		1272297B1C1B9D1E0070832C /* plusIcon.png in Resources */ = {isa = PBXBuildFile; fileRef = 1272297A1C1B9D1E0070832C /* plusIcon.png */; };
		1272297D1C1B9FA20070832C /* ReviewCell.swift in Sources */ = {isa = PBXBuildFile; fileRef = 1272297C1C1B9FA20070832C /* ReviewCell.swift */; };
		127532D81C1D58E200C2BD2C /* Utility.swift in Sources */ = {isa = PBXBuildFile; fileRef = 127532D71C1D58E200C2BD2C /* Utility.swift */; };
		127532DA1C1D58EF00C2BD2C /* WebService.swift in Sources */ = {isa = PBXBuildFile; fileRef = 127532D91C1D58EF00C2BD2C /* WebService.swift */; };
		127532DC1C1D58FA00C2BD2C /* JsonParser.swift in Sources */ = {isa = PBXBuildFile; fileRef = 127532DB1C1D58FA00C2BD2C /* JsonParser.swift */; };
		127533AF1C1D598E00C2BD2C /* ASIAuthenticationDialog.m in Sources */ = {isa = PBXBuildFile; fileRef = 1275335B1C1D598E00C2BD2C /* ASIAuthenticationDialog.m */; settings = {COMPILER_FLAGS = "-fno-objc-arc"; }; };
		127533B01C1D598E00C2BD2C /* ASIDataCompressor.m in Sources */ = {isa = PBXBuildFile; fileRef = 1275335E1C1D598E00C2BD2C /* ASIDataCompressor.m */; settings = {COMPILER_FLAGS = "-fno-objc-arc"; }; };
		127533B11C1D598E00C2BD2C /* ASIDataDecompressor.m in Sources */ = {isa = PBXBuildFile; fileRef = 127533601C1D598E00C2BD2C /* ASIDataDecompressor.m */; settings = {COMPILER_FLAGS = "-fno-objc-arc"; }; };
		127533B21C1D598E00C2BD2C /* ASIDownloadCache.m in Sources */ = {isa = PBXBuildFile; fileRef = 127533621C1D598E00C2BD2C /* ASIDownloadCache.m */; settings = {COMPILER_FLAGS = "-fno-objc-arc"; }; };
		127533B31C1D598E00C2BD2C /* ASIFormDataRequest.m in Sources */ = {isa = PBXBuildFile; fileRef = 127533641C1D598E00C2BD2C /* ASIFormDataRequest.m */; settings = {COMPILER_FLAGS = "-fno-objc-arc"; }; };
		127533B41C1D598E00C2BD2C /* ASIHTTPRequest.m in Sources */ = {isa = PBXBuildFile; fileRef = 127533661C1D598E00C2BD2C /* ASIHTTPRequest.m */; settings = {COMPILER_FLAGS = "-fno-objc-arc"; }; };
		127533B51C1D598E00C2BD2C /* ASIInputStream.m in Sources */ = {isa = PBXBuildFile; fileRef = 1275336A1C1D598E00C2BD2C /* ASIInputStream.m */; settings = {COMPILER_FLAGS = "-fno-objc-arc"; }; };
		127533B61C1D598E00C2BD2C /* ASINetworkQueue.m in Sources */ = {isa = PBXBuildFile; fileRef = 1275336C1C1D598E00C2BD2C /* ASINetworkQueue.m */; settings = {COMPILER_FLAGS = "-fno-objc-arc"; }; };
		127533D41C1D598E00C2BD2C /* Reachability.m in Sources */ = {isa = PBXBuildFile; fileRef = 127533AE1C1D598E00C2BD2C /* Reachability.m */; settings = {COMPILER_FLAGS = "-fno-objc-arc"; }; };
		127533D61C1D5A3C00C2BD2C /* CFNetwork.framework in Frameworks */ = {isa = PBXBuildFile; fileRef = 127533D51C1D5A3C00C2BD2C /* CFNetwork.framework */; };
		127533D81C1D5A5000C2BD2C /* libz.tbd in Frameworks */ = {isa = PBXBuildFile; fileRef = 127533D71C1D5A5000C2BD2C /* libz.tbd */; };
		127533F31C1D5C7C00C2BD2C /* NSObject+SBJson.m in Sources */ = {isa = PBXBuildFile; fileRef = 127533DB1C1D5C7C00C2BD2C /* NSObject+SBJson.m */; };
		127533F41C1D5C7C00C2BD2C /* SBJsonParser.m in Sources */ = {isa = PBXBuildFile; fileRef = 127533DE1C1D5C7C00C2BD2C /* SBJsonParser.m */; };
		127533F51C1D5C7C00C2BD2C /* SBJsonStreamParser.m in Sources */ = {isa = PBXBuildFile; fileRef = 127533E01C1D5C7C00C2BD2C /* SBJsonStreamParser.m */; };
		127533F61C1D5C7C00C2BD2C /* SBJsonStreamParserAccumulator.m in Sources */ = {isa = PBXBuildFile; fileRef = 127533E21C1D5C7C00C2BD2C /* SBJsonStreamParserAccumulator.m */; };
		127533F71C1D5C7C00C2BD2C /* SBJsonStreamParserAdapter.m in Sources */ = {isa = PBXBuildFile; fileRef = 127533E41C1D5C7C00C2BD2C /* SBJsonStreamParserAdapter.m */; };
		127533F81C1D5C7C00C2BD2C /* SBJsonStreamParserState.m in Sources */ = {isa = PBXBuildFile; fileRef = 127533E61C1D5C7C00C2BD2C /* SBJsonStreamParserState.m */; };
		127533F91C1D5C7C00C2BD2C /* SBJsonStreamWriter.m in Sources */ = {isa = PBXBuildFile; fileRef = 127533E81C1D5C7C00C2BD2C /* SBJsonStreamWriter.m */; };
		127533FA1C1D5C7C00C2BD2C /* SBJsonStreamWriterAccumulator.m in Sources */ = {isa = PBXBuildFile; fileRef = 127533EA1C1D5C7C00C2BD2C /* SBJsonStreamWriterAccumulator.m */; };
		127533FB1C1D5C7C00C2BD2C /* SBJsonStreamWriterState.m in Sources */ = {isa = PBXBuildFile; fileRef = 127533EC1C1D5C7C00C2BD2C /* SBJsonStreamWriterState.m */; };
		127533FC1C1D5C7C00C2BD2C /* SBJsonTokeniser.m in Sources */ = {isa = PBXBuildFile; fileRef = 127533EE1C1D5C7C00C2BD2C /* SBJsonTokeniser.m */; };
		127533FD1C1D5C7C00C2BD2C /* SBJsonUTF8Stream.m in Sources */ = {isa = PBXBuildFile; fileRef = 127533F01C1D5C7C00C2BD2C /* SBJsonUTF8Stream.m */; };
		127533FE1C1D5C7C00C2BD2C /* SBJsonWriter.m in Sources */ = {isa = PBXBuildFile; fileRef = 127533F21C1D5C7C00C2BD2C /* SBJsonWriter.m */; };
		127534111C1D6F2900C2BD2C /* SVIndefiniteAnimatedView.m in Sources */ = {isa = PBXBuildFile; fileRef = 1275340A1C1D6F2900C2BD2C /* SVIndefiniteAnimatedView.m */; };
		127534121C1D6F2900C2BD2C /* SVProgressHUD.bundle in Resources */ = {isa = PBXBuildFile; fileRef = 1275340C1C1D6F2900C2BD2C /* SVProgressHUD.bundle */; };
		127534131C1D6F2900C2BD2C /* SVProgressHUD.m in Sources */ = {isa = PBXBuildFile; fileRef = 1275340E1C1D6F2900C2BD2C /* SVProgressHUD.m */; };
		127534141C1D6F2900C2BD2C /* SVRadialGradientLayer.m in Sources */ = {isa = PBXBuildFile; fileRef = 127534101C1D6F2900C2BD2C /* SVRadialGradientLayer.m */; };
		127534161C1D91FD00C2BD2C /* CoreLocation.framework in Frameworks */ = {isa = PBXBuildFile; fileRef = 127534151C1D91FD00C2BD2C /* CoreLocation.framework */; };
		1275341A1C1DB65400C2BD2C /* Fabric.framework in Frameworks */ = {isa = PBXBuildFile; fileRef = 127534171C1DB65400C2BD2C /* Fabric.framework */; };
		1275341B1C1DB65500C2BD2C /* TwitterCore.framework in Frameworks */ = {isa = PBXBuildFile; fileRef = 127534181C1DB65400C2BD2C /* TwitterCore.framework */; };
		1275341C1C1DB65500C2BD2C /* TwitterKit.framework in Frameworks */ = {isa = PBXBuildFile; fileRef = 127534191C1DB65400C2BD2C /* TwitterKit.framework */; };
		127534201C1DB67D00C2BD2C /* FBSDKCoreKit.framework in Frameworks */ = {isa = PBXBuildFile; fileRef = 1275341D1C1DB67D00C2BD2C /* FBSDKCoreKit.framework */; };
		127534211C1DB67D00C2BD2C /* FBSDKLoginKit.framework in Frameworks */ = {isa = PBXBuildFile; fileRef = 1275341E1C1DB67D00C2BD2C /* FBSDKLoginKit.framework */; };
		127534221C1DB67D00C2BD2C /* TwitterKitResources.bundle in Resources */ = {isa = PBXBuildFile; fileRef = 1275341F1C1DB67D00C2BD2C /* TwitterKitResources.bundle */; };
/* End PBXBuildFile section */

/* Begin PBXFileReference section */
		127229161C1B1F600070832C /* ImagePoster.app */ = {isa = PBXFileReference; explicitFileType = wrapper.application; includeInIndex = 0; path = ImagePoster.app; sourceTree = BUILT_PRODUCTS_DIR; };
		1272291E1C1B1F600070832C /* Base */ = {isa = PBXFileReference; lastKnownFileType = file.storyboard; name = Base; path = Base.lproj/Main.storyboard; sourceTree = "<group>"; };
		127229201C1B1F600070832C /* Assets.xcassets */ = {isa = PBXFileReference; lastKnownFileType = folder.assetcatalog; path = Assets.xcassets; sourceTree = "<group>"; };
		127229231C1B1F600070832C /* Base */ = {isa = PBXFileReference; lastKnownFileType = file.storyboard; name = Base; path = Base.lproj/LaunchScreen.storyboard; sourceTree = "<group>"; };
		127229251C1B1F600070832C /* Info.plist */ = {isa = PBXFileReference; lastKnownFileType = text.plist.xml; path = Info.plist; sourceTree = "<group>"; };
		1272292C1C1B1FD70070832C /* AppDelegate.swift */ = {isa = PBXFileReference; fileEncoding = 4; lastKnownFileType = sourcecode.swift; path = AppDelegate.swift; sourceTree = "<group>"; };
		1272292F1C1B1FD70070832C /* ViewController.swift */ = {isa = PBXFileReference; fileEncoding = 4; lastKnownFileType = sourcecode.swift; path = ViewController.swift; sourceTree = "<group>"; };
		1272293F1C1B20740070832C /* MFSideMenu.h */ = {isa = PBXFileReference; fileEncoding = 4; lastKnownFileType = sourcecode.c.h; path = MFSideMenu.h; sourceTree = "<group>"; };
		127229401C1B20740070832C /* MFSideMenuContainerViewController.h */ = {isa = PBXFileReference; fileEncoding = 4; lastKnownFileType = sourcecode.c.h; path = MFSideMenuContainerViewController.h; sourceTree = "<group>"; };
		127229411C1B20740070832C /* MFSideMenuContainerViewController.m */ = {isa = PBXFileReference; fileEncoding = 4; lastKnownFileType = sourcecode.c.objc; path = MFSideMenuContainerViewController.m; sourceTree = "<group>"; };
		127229421C1B20740070832C /* MFSideMenuShadow.h */ = {isa = PBXFileReference; fileEncoding = 4; lastKnownFileType = sourcecode.c.h; path = MFSideMenuShadow.h; sourceTree = "<group>"; };
		127229431C1B20740070832C /* MFSideMenuShadow.m */ = {isa = PBXFileReference; fileEncoding = 4; lastKnownFileType = sourcecode.c.objc; path = MFSideMenuShadow.m; sourceTree = "<group>"; };
		127229441C1B20750070832C /* UIViewController+MFSideMenuAdditions.h */ = {isa = PBXFileReference; fileEncoding = 4; lastKnownFileType = sourcecode.c.h; path = "UIViewController+MFSideMenuAdditions.h"; sourceTree = "<group>"; };
		127229451C1B20750070832C /* UIViewController+MFSideMenuAdditions.m */ = {isa = PBXFileReference; fileEncoding = 4; lastKnownFileType = sourcecode.c.objc; path = "UIViewController+MFSideMenuAdditions.m"; sourceTree = "<group>"; };
		127229541C1B25110070832C /* ImagePoster-Bridging-Header.h */ = {isa = PBXFileReference; fileEncoding = 4; lastKnownFileType = sourcecode.c.h; path = "ImagePoster-Bridging-Header.h"; sourceTree = "<group>"; };
		127229551C1B25E90070832C /* MenuViewController.swift */ = {isa = PBXFileReference; fileEncoding = 4; lastKnownFileType = sourcecode.swift; path = MenuViewController.swift; sourceTree = "<group>"; };
		127229571C1B26000070832C /* LoginViewController.swift */ = {isa = PBXFileReference; fileEncoding = 4; lastKnownFileType = sourcecode.swift; path = LoginViewController.swift; sourceTree = "<group>"; };
		1272295C1C1B2D910070832C /* SimpleCell.swift */ = {isa = PBXFileReference; fileEncoding = 4; lastKnownFileType = sourcecode.swift; path = SimpleCell.swift; sourceTree = "<group>"; };
		1272295E1C1B43850070832C /* RegisterViewController.swift */ = {isa = PBXFileReference; fileEncoding = 4; lastKnownFileType = sourcecode.swift; path = RegisterViewController.swift; sourceTree = "<group>"; };
		127229601C1B44830070832C /* BaseViewController.swift */ = {isa = PBXFileReference; fileEncoding = 4; lastKnownFileType = sourcecode.swift; path = BaseViewController.swift; sourceTree = "<group>"; };
		127229621C1B49A10070832C /* TutorialViewController.swift */ = {isa = PBXFileReference; fileEncoding = 4; lastKnownFileType = sourcecode.swift; path = TutorialViewController.swift; sourceTree = "<group>"; };
		127229651C1B4B0C0070832C /* tutorialImg.png */ = {isa = PBXFileReference; lastKnownFileType = image.png; path = tutorialImg.png; sourceTree = "<group>"; };
		127229671C1B4D800070832C /* AddReviewViewController.swift */ = {isa = PBXFileReference; fileEncoding = 4; lastKnownFileType = sourcecode.swift; path = AddReviewViewController.swift; sourceTree = "<group>"; };
		127229691C1B51B40070832C /* SearchCompanyViewController.swift */ = {isa = PBXFileReference; fileEncoding = 4; lastKnownFileType = sourcecode.swift; path = SearchCompanyViewController.swift; sourceTree = "<group>"; };
		1272296B1C1B53240070832C /* searchIcon.png */ = {isa = PBXFileReference; lastKnownFileType = image.png; path = searchIcon.png; sourceTree = "<group>"; };
		1272296D1C1B7A510070832C /* QuartzCore.framework */ = {isa = PBXFileReference; lastKnownFileType = wrapper.framework; name = QuartzCore.framework; path = System/Library/Frameworks/QuartzCore.framework; sourceTree = SDKROOT; };
		127229721C1B8BAE0070832C /* menuIcon.png */ = {isa = PBXFileReference; lastKnownFileType = image.png; path = menuIcon.png; sourceTree = "<group>"; };
		127229741C1B8CB10070832C /* infoIcon.png */ = {isa = PBXFileReference; lastKnownFileType = image.png; path = infoIcon.png; sourceTree = "<group>"; };
		127229761C1B949E0070832C /* SettingsViewController.swift */ = {isa = PBXFileReference; fileEncoding = 4; lastKnownFileType = sourcecode.swift; path = SettingsViewController.swift; sourceTree = "<group>"; };
		127229781C1B94C90070832C /* MyReviewsViewController.swift */ = {isa = PBXFileReference; fileEncoding = 4; lastKnownFileType = sourcecode.swift; path = MyReviewsViewController.swift; sourceTree = "<group>"; };
		1272297A1C1B9D1E0070832C /* plusIcon.png */ = {isa = PBXFileReference; lastKnownFileType = image.png; path = plusIcon.png; sourceTree = "<group>"; };
		1272297C1C1B9FA20070832C /* ReviewCell.swift */ = {isa = PBXFileReference; fileEncoding = 4; lastKnownFileType = sourcecode.swift; path = ReviewCell.swift; sourceTree = "<group>"; };
		127532D71C1D58E200C2BD2C /* Utility.swift */ = {isa = PBXFileReference; fileEncoding = 4; lastKnownFileType = sourcecode.swift; path = Utility.swift; sourceTree = "<group>"; };
		127532D91C1D58EF00C2BD2C /* WebService.swift */ = {isa = PBXFileReference; fileEncoding = 4; lastKnownFileType = sourcecode.swift; path = WebService.swift; sourceTree = "<group>"; };
		127532DB1C1D58FA00C2BD2C /* JsonParser.swift */ = {isa = PBXFileReference; fileEncoding = 4; lastKnownFileType = sourcecode.swift; path = JsonParser.swift; sourceTree = "<group>"; };
		1275335A1C1D598E00C2BD2C /* ASIAuthenticationDialog.h */ = {isa = PBXFileReference; fileEncoding = 4; lastKnownFileType = sourcecode.c.h; path = ASIAuthenticationDialog.h; sourceTree = "<group>"; };
		1275335B1C1D598E00C2BD2C /* ASIAuthenticationDialog.m */ = {isa = PBXFileReference; fileEncoding = 4; lastKnownFileType = sourcecode.c.objc; path = ASIAuthenticationDialog.m; sourceTree = "<group>"; };
		1275335C1C1D598E00C2BD2C /* ASICacheDelegate.h */ = {isa = PBXFileReference; fileEncoding = 4; lastKnownFileType = sourcecode.c.h; path = ASICacheDelegate.h; sourceTree = "<group>"; };
		1275335D1C1D598E00C2BD2C /* ASIDataCompressor.h */ = {isa = PBXFileReference; fileEncoding = 4; lastKnownFileType = sourcecode.c.h; path = ASIDataCompressor.h; sourceTree = "<group>"; };
		1275335E1C1D598E00C2BD2C /* ASIDataCompressor.m */ = {isa = PBXFileReference; fileEncoding = 4; lastKnownFileType = sourcecode.c.objc; path = ASIDataCompressor.m; sourceTree = "<group>"; };
		1275335F1C1D598E00C2BD2C /* ASIDataDecompressor.h */ = {isa = PBXFileReference; fileEncoding = 4; lastKnownFileType = sourcecode.c.h; path = ASIDataDecompressor.h; sourceTree = "<group>"; };
		127533601C1D598E00C2BD2C /* ASIDataDecompressor.m */ = {isa = PBXFileReference; fileEncoding = 4; lastKnownFileType = sourcecode.c.objc; path = ASIDataDecompressor.m; sourceTree = "<group>"; };
		127533611C1D598E00C2BD2C /* ASIDownloadCache.h */ = {isa = PBXFileReference; fileEncoding = 4; lastKnownFileType = sourcecode.c.h; path = ASIDownloadCache.h; sourceTree = "<group>"; };
		127533621C1D598E00C2BD2C /* ASIDownloadCache.m */ = {isa = PBXFileReference; fileEncoding = 4; lastKnownFileType = sourcecode.c.objc; path = ASIDownloadCache.m; sourceTree = "<group>"; };
		127533631C1D598E00C2BD2C /* ASIFormDataRequest.h */ = {isa = PBXFileReference; fileEncoding = 4; lastKnownFileType = sourcecode.c.h; path = ASIFormDataRequest.h; sourceTree = "<group>"; };
		127533641C1D598E00C2BD2C /* ASIFormDataRequest.m */ = {isa = PBXFileReference; fileEncoding = 4; lastKnownFileType = sourcecode.c.objc; path = ASIFormDataRequest.m; sourceTree = "<group>"; };
		127533651C1D598E00C2BD2C /* ASIHTTPRequest.h */ = {isa = PBXFileReference; fileEncoding = 4; lastKnownFileType = sourcecode.c.h; path = ASIHTTPRequest.h; sourceTree = "<group>"; };
		127533661C1D598E00C2BD2C /* ASIHTTPRequest.m */ = {isa = PBXFileReference; fileEncoding = 4; lastKnownFileType = sourcecode.c.objc; path = ASIHTTPRequest.m; sourceTree = "<group>"; };
		127533671C1D598E00C2BD2C /* ASIHTTPRequestConfig.h */ = {isa = PBXFileReference; fileEncoding = 4; lastKnownFileType = sourcecode.c.h; path = ASIHTTPRequestConfig.h; sourceTree = "<group>"; };
		127533681C1D598E00C2BD2C /* ASIHTTPRequestDelegate.h */ = {isa = PBXFileReference; fileEncoding = 4; lastKnownFileType = sourcecode.c.h; path = ASIHTTPRequestDelegate.h; sourceTree = "<group>"; };
		127533691C1D598E00C2BD2C /* ASIInputStream.h */ = {isa = PBXFileReference; fileEncoding = 4; lastKnownFileType = sourcecode.c.h; path = ASIInputStream.h; sourceTree = "<group>"; };
		1275336A1C1D598E00C2BD2C /* ASIInputStream.m */ = {isa = PBXFileReference; fileEncoding = 4; lastKnownFileType = sourcecode.c.objc; path = ASIInputStream.m; sourceTree = "<group>"; };
		1275336B1C1D598E00C2BD2C /* ASINetworkQueue.h */ = {isa = PBXFileReference; fileEncoding = 4; lastKnownFileType = sourcecode.c.h; path = ASINetworkQueue.h; sourceTree = "<group>"; };
		1275336C1C1D598E00C2BD2C /* ASINetworkQueue.m */ = {isa = PBXFileReference; fileEncoding = 4; lastKnownFileType = sourcecode.c.objc; path = ASINetworkQueue.m; sourceTree = "<group>"; };
		1275336D1C1D598E00C2BD2C /* ASIProgressDelegate.h */ = {isa = PBXFileReference; fileEncoding = 4; lastKnownFileType = sourcecode.c.h; path = ASIProgressDelegate.h; sourceTree = "<group>"; };
		127533AD1C1D598E00C2BD2C /* Reachability.h */ = {isa = PBXFileReference; fileEncoding = 4; lastKnownFileType = sourcecode.c.h; path = Reachability.h; sourceTree = "<group>"; };
		127533AE1C1D598E00C2BD2C /* Reachability.m */ = {isa = PBXFileReference; fileEncoding = 4; lastKnownFileType = sourcecode.c.objc; path = Reachability.m; sourceTree = "<group>"; };
		127533D51C1D5A3C00C2BD2C /* CFNetwork.framework */ = {isa = PBXFileReference; lastKnownFileType = wrapper.framework; name = CFNetwork.framework; path = System/Library/Frameworks/CFNetwork.framework; sourceTree = SDKROOT; };
		127533D71C1D5A5000C2BD2C /* libz.tbd */ = {isa = PBXFileReference; lastKnownFileType = "sourcecode.text-based-dylib-definition"; name = libz.tbd; path = usr/lib/libz.tbd; sourceTree = SDKROOT; };
		127533DA1C1D5C7C00C2BD2C /* NSObject+SBJson.h */ = {isa = PBXFileReference; fileEncoding = 4; lastKnownFileType = sourcecode.c.h; path = "NSObject+SBJson.h"; sourceTree = "<group>"; };
		127533DB1C1D5C7C00C2BD2C /* NSObject+SBJson.m */ = {isa = PBXFileReference; fileEncoding = 4; lastKnownFileType = sourcecode.c.objc; path = "NSObject+SBJson.m"; sourceTree = "<group>"; };
		127533DC1C1D5C7C00C2BD2C /* SBJson.h */ = {isa = PBXFileReference; fileEncoding = 4; lastKnownFileType = sourcecode.c.h; path = SBJson.h; sourceTree = "<group>"; };
		127533DD1C1D5C7C00C2BD2C /* SBJsonParser.h */ = {isa = PBXFileReference; fileEncoding = 4; lastKnownFileType = sourcecode.c.h; path = SBJsonParser.h; sourceTree = "<group>"; };
		127533DE1C1D5C7C00C2BD2C /* SBJsonParser.m */ = {isa = PBXFileReference; fileEncoding = 4; lastKnownFileType = sourcecode.c.objc; path = SBJsonParser.m; sourceTree = "<group>"; };
		127533DF1C1D5C7C00C2BD2C /* SBJsonStreamParser.h */ = {isa = PBXFileReference; fileEncoding = 4; lastKnownFileType = sourcecode.c.h; path = SBJsonStreamParser.h; sourceTree = "<group>"; };
		127533E01C1D5C7C00C2BD2C /* SBJsonStreamParser.m */ = {isa = PBXFileReference; fileEncoding = 4; lastKnownFileType = sourcecode.c.objc; path = SBJsonStreamParser.m; sourceTree = "<group>"; };
		127533E11C1D5C7C00C2BD2C /* SBJsonStreamParserAccumulator.h */ = {isa = PBXFileReference; fileEncoding = 4; lastKnownFileType = sourcecode.c.h; path = SBJsonStreamParserAccumulator.h; sourceTree = "<group>"; };
		127533E21C1D5C7C00C2BD2C /* SBJsonStreamParserAccumulator.m */ = {isa = PBXFileReference; fileEncoding = 4; lastKnownFileType = sourcecode.c.objc; path = SBJsonStreamParserAccumulator.m; sourceTree = "<group>"; };
		127533E31C1D5C7C00C2BD2C /* SBJsonStreamParserAdapter.h */ = {isa = PBXFileReference; fileEncoding = 4; lastKnownFileType = sourcecode.c.h; path = SBJsonStreamParserAdapter.h; sourceTree = "<group>"; };
		127533E41C1D5C7C00C2BD2C /* SBJsonStreamParserAdapter.m */ = {isa = PBXFileReference; fileEncoding = 4; lastKnownFileType = sourcecode.c.objc; path = SBJsonStreamParserAdapter.m; sourceTree = "<group>"; };
		127533E51C1D5C7C00C2BD2C /* SBJsonStreamParserState.h */ = {isa = PBXFileReference; fileEncoding = 4; lastKnownFileType = sourcecode.c.h; path = SBJsonStreamParserState.h; sourceTree = "<group>"; };
		127533E61C1D5C7C00C2BD2C /* SBJsonStreamParserState.m */ = {isa = PBXFileReference; fileEncoding = 4; lastKnownFileType = sourcecode.c.objc; path = SBJsonStreamParserState.m; sourceTree = "<group>"; };
		127533E71C1D5C7C00C2BD2C /* SBJsonStreamWriter.h */ = {isa = PBXFileReference; fileEncoding = 4; lastKnownFileType = sourcecode.c.h; path = SBJsonStreamWriter.h; sourceTree = "<group>"; };
		127533E81C1D5C7C00C2BD2C /* SBJsonStreamWriter.m */ = {isa = PBXFileReference; fileEncoding = 4; lastKnownFileType = sourcecode.c.objc; path = SBJsonStreamWriter.m; sourceTree = "<group>"; };
		127533E91C1D5C7C00C2BD2C /* SBJsonStreamWriterAccumulator.h */ = {isa = PBXFileReference; fileEncoding = 4; lastKnownFileType = sourcecode.c.h; path = SBJsonStreamWriterAccumulator.h; sourceTree = "<group>"; };
		127533EA1C1D5C7C00C2BD2C /* SBJsonStreamWriterAccumulator.m */ = {isa = PBXFileReference; fileEncoding = 4; lastKnownFileType = sourcecode.c.objc; path = SBJsonStreamWriterAccumulator.m; sourceTree = "<group>"; };
		127533EB1C1D5C7C00C2BD2C /* SBJsonStreamWriterState.h */ = {isa = PBXFileReference; fileEncoding = 4; lastKnownFileType = sourcecode.c.h; path = SBJsonStreamWriterState.h; sourceTree = "<group>"; };
		127533EC1C1D5C7C00C2BD2C /* SBJsonStreamWriterState.m */ = {isa = PBXFileReference; fileEncoding = 4; lastKnownFileType = sourcecode.c.objc; path = SBJsonStreamWriterState.m; sourceTree = "<group>"; };
		127533ED1C1D5C7C00C2BD2C /* SBJsonTokeniser.h */ = {isa = PBXFileReference; fileEncoding = 4; lastKnownFileType = sourcecode.c.h; path = SBJsonTokeniser.h; sourceTree = "<group>"; };
		127533EE1C1D5C7C00C2BD2C /* SBJsonTokeniser.m */ = {isa = PBXFileReference; fileEncoding = 4; lastKnownFileType = sourcecode.c.objc; path = SBJsonTokeniser.m; sourceTree = "<group>"; };
		127533EF1C1D5C7C00C2BD2C /* SBJsonUTF8Stream.h */ = {isa = PBXFileReference; fileEncoding = 4; lastKnownFileType = sourcecode.c.h; path = SBJsonUTF8Stream.h; sourceTree = "<group>"; };
		127533F01C1D5C7C00C2BD2C /* SBJsonUTF8Stream.m */ = {isa = PBXFileReference; fileEncoding = 4; lastKnownFileType = sourcecode.c.objc; path = SBJsonUTF8Stream.m; sourceTree = "<group>"; };
		127533F11C1D5C7C00C2BD2C /* SBJsonWriter.h */ = {isa = PBXFileReference; fileEncoding = 4; lastKnownFileType = sourcecode.c.h; path = SBJsonWriter.h; sourceTree = "<group>"; };
		127533F21C1D5C7C00C2BD2C /* SBJsonWriter.m */ = {isa = PBXFileReference; fileEncoding = 4; lastKnownFileType = sourcecode.c.objc; path = SBJsonWriter.m; sourceTree = "<group>"; };
		127534091C1D6F2900C2BD2C /* SVIndefiniteAnimatedView.h */ = {isa = PBXFileReference; fileEncoding = 4; lastKnownFileType = sourcecode.c.h; path = SVIndefiniteAnimatedView.h; sourceTree = "<group>"; };
		1275340A1C1D6F2900C2BD2C /* SVIndefiniteAnimatedView.m */ = {isa = PBXFileReference; fileEncoding = 4; lastKnownFileType = sourcecode.c.objc; path = SVIndefiniteAnimatedView.m; sourceTree = "<group>"; };
		1275340B1C1D6F2900C2BD2C /* SVProgressHUD-Prefix.pch */ = {isa = PBXFileReference; fileEncoding = 4; lastKnownFileType = sourcecode.c.h; path = "SVProgressHUD-Prefix.pch"; sourceTree = "<group>"; };
		1275340C1C1D6F2900C2BD2C /* SVProgressHUD.bundle */ = {isa = PBXFileReference; lastKnownFileType = "wrapper.plug-in"; path = SVProgressHUD.bundle; sourceTree = "<group>"; };
		1275340D1C1D6F2900C2BD2C /* SVProgressHUD.h */ = {isa = PBXFileReference; fileEncoding = 4; lastKnownFileType = sourcecode.c.h; path = SVProgressHUD.h; sourceTree = "<group>"; };
		1275340E1C1D6F2900C2BD2C /* SVProgressHUD.m */ = {isa = PBXFileReference; fileEncoding = 4; lastKnownFileType = sourcecode.c.objc; path = SVProgressHUD.m; sourceTree = "<group>"; };
		1275340F1C1D6F2900C2BD2C /* SVRadialGradientLayer.h */ = {isa = PBXFileReference; fileEncoding = 4; lastKnownFileType = sourcecode.c.h; path = SVRadialGradientLayer.h; sourceTree = "<group>"; };
		127534101C1D6F2900C2BD2C /* SVRadialGradientLayer.m */ = {isa = PBXFileReference; fileEncoding = 4; lastKnownFileType = sourcecode.c.objc; path = SVRadialGradientLayer.m; sourceTree = "<group>"; };
		127534151C1D91FD00C2BD2C /* CoreLocation.framework */ = {isa = PBXFileReference; lastKnownFileType = wrapper.framework; name = CoreLocation.framework; path = System/Library/Frameworks/CoreLocation.framework; sourceTree = SDKROOT; };
		127534171C1DB65400C2BD2C /* Fabric.framework */ = {isa = PBXFileReference; lastKnownFileType = wrapper.framework; path = Fabric.framework; sourceTree = "<group>"; };
		127534181C1DB65400C2BD2C /* TwitterCore.framework */ = {isa = PBXFileReference; lastKnownFileType = wrapper.framework; path = TwitterCore.framework; sourceTree = "<group>"; };
		127534191C1DB65400C2BD2C /* TwitterKit.framework */ = {isa = PBXFileReference; lastKnownFileType = wrapper.framework; path = TwitterKit.framework; sourceTree = "<group>"; };
		1275341D1C1DB67D00C2BD2C /* FBSDKCoreKit.framework */ = {isa = PBXFileReference; lastKnownFileType = wrapper.framework; path = FBSDKCoreKit.framework; sourceTree = "<group>"; };
		1275341E1C1DB67D00C2BD2C /* FBSDKLoginKit.framework */ = {isa = PBXFileReference; lastKnownFileType = wrapper.framework; path = FBSDKLoginKit.framework; sourceTree = "<group>"; };
		1275341F1C1DB67D00C2BD2C /* TwitterKitResources.bundle */ = {isa = PBXFileReference; lastKnownFileType = "wrapper.plug-in"; path = TwitterKitResources.bundle; sourceTree = "<group>"; };
/* End PBXFileReference section */

/* Begin PBXFrameworksBuildPhase section */
		127229131C1B1F600070832C /* Frameworks */ = {
			isa = PBXFrameworksBuildPhase;
			buildActionMask = 2147483647;
			files = (
				127534161C1D91FD00C2BD2C /* CoreLocation.framework in Frameworks */,
				1275341B1C1DB65500C2BD2C /* TwitterCore.framework in Frameworks */,
				127534211C1DB67D00C2BD2C /* FBSDKLoginKit.framework in Frameworks */,
				1275341A1C1DB65400C2BD2C /* Fabric.framework in Frameworks */,
				127533D81C1D5A5000C2BD2C /* libz.tbd in Frameworks */,
				127533D61C1D5A3C00C2BD2C /* CFNetwork.framework in Frameworks */,
				127534201C1DB67D00C2BD2C /* FBSDKCoreKit.framework in Frameworks */,
				1272296E1C1B7A510070832C /* QuartzCore.framework in Frameworks */,
				1275341C1C1DB65500C2BD2C /* TwitterKit.framework in Frameworks */,
			);
			runOnlyForDeploymentPostprocessing = 0;
		};
/* End PBXFrameworksBuildPhase section */

/* Begin PBXGroup section */
		1272290D1C1B1F600070832C = {
			isa = PBXGroup;
			children = (
				127229181C1B1F600070832C /* ImagePoster */,
				127229171C1B1F600070832C /* Products */,
			);
			sourceTree = "<group>";
		};
		127229171C1B1F600070832C /* Products */ = {
			isa = PBXGroup;
			children = (
				127229161C1B1F600070832C /* ImagePoster.app */,
			);
			name = Products;
			sourceTree = "<group>";
		};
		127229181C1B1F600070832C /* ImagePoster */ = {
			isa = PBXGroup;
			children = (
				127229641C1B4B0C0070832C /* Resources */,
				1272295B1C1B2D910070832C /* CustomClasses */,
				127229531C1B25110070832C /* ImagePoster-Bridging-Header */,
				1272292B1C1B1FD70070832C /* AppDelegate */,
				1272291D1C1B1F600070832C /* Main.storyboard */,
				127229321C1B1FE70070832C /* OtherFiles */,
				1272292D1C1B1FD70070832C /* SDKs */,
				1272292E1C1B1FD70070832C /* ViewControllers */,
			);
			path = ImagePoster;
			sourceTree = "<group>";
		};
		1272292B1C1B1FD70070832C /* AppDelegate */ = {
			isa = PBXGroup;
			children = (
				1272292C1C1B1FD70070832C /* AppDelegate.swift */,
			);
			path = AppDelegate;
			sourceTree = "<group>";
		};
		1272292D1C1B1FD70070832C /* SDKs */ = {
			isa = PBXGroup;
			children = (
				1275341D1C1DB67D00C2BD2C /* FBSDKCoreKit.framework */,
				1275341E1C1DB67D00C2BD2C /* FBSDKLoginKit.framework */,
				1275341F1C1DB67D00C2BD2C /* TwitterKitResources.bundle */,
				127534171C1DB65400C2BD2C /* Fabric.framework */,
				127534181C1DB65400C2BD2C /* TwitterCore.framework */,
				127534191C1DB65400C2BD2C /* TwitterKit.framework */,
				127534151C1D91FD00C2BD2C /* CoreLocation.framework */,
				127534081C1D6F2900C2BD2C /* SVProgressHUD */,
				127533D51C1D5A3C00C2BD2C /* CFNetwork.framework */,
				127533D71C1D5A5000C2BD2C /* libz.tbd */,
				127533D91C1D5C7C00C2BD2C /* SBJson */,
				127533591C1D598E00C2BD2C /* ASIHTTPRequest */,
				127533AC1C1D598E00C2BD2C /* Reachability */,
				1272296D1C1B7A510070832C /* QuartzCore.framework */,
				1272293E1C1B20740070832C /* MFSideMenu */,
			);
			path = SDKs;
			sourceTree = "<group>";
		};
		1272292E1C1B1FD70070832C /* ViewControllers */ = {
			isa = PBXGroup;
			children = (
				1272292F1C1B1FD70070832C /* ViewController.swift */,
				127229551C1B25E90070832C /* MenuViewController.swift */,
				127229571C1B26000070832C /* LoginViewController.swift */,
				1272295E1C1B43850070832C /* RegisterViewController.swift */,
				127229601C1B44830070832C /* BaseViewController.swift */,
				127229621C1B49A10070832C /* TutorialViewController.swift */,
				127229671C1B4D800070832C /* AddReviewViewController.swift */,
				127229691C1B51B40070832C /* SearchCompanyViewController.swift */,
				127229761C1B949E0070832C /* SettingsViewController.swift */,
				127229781C1B94C90070832C /* MyReviewsViewController.swift */,
			);
			path = ViewControllers;
			sourceTree = "<group>";
		};
		127229321C1B1FE70070832C /* OtherFiles */ = {
			isa = PBXGroup;
			children = (
				127229201C1B1F600070832C /* Assets.xcassets */,
				127229221C1B1F600070832C /* LaunchScreen.storyboard */,
				127229251C1B1F600070832C /* Info.plist */,
			);
			name = OtherFiles;
			sourceTree = "<group>";
		};
		1272293E1C1B20740070832C /* MFSideMenu */ = {
			isa = PBXGroup;
			children = (
				1272293F1C1B20740070832C /* MFSideMenu.h */,
				127229401C1B20740070832C /* MFSideMenuContainerViewController.h */,
				127229411C1B20740070832C /* MFSideMenuContainerViewController.m */,
				127229421C1B20740070832C /* MFSideMenuShadow.h */,
				127229431C1B20740070832C /* MFSideMenuShadow.m */,
				127229441C1B20750070832C /* UIViewController+MFSideMenuAdditions.h */,
				127229451C1B20750070832C /* UIViewController+MFSideMenuAdditions.m */,
			);
			path = MFSideMenu;
			sourceTree = "<group>";
		};
		127229531C1B25110070832C /* ImagePoster-Bridging-Header */ = {
			isa = PBXGroup;
			children = (
				127229541C1B25110070832C /* ImagePoster-Bridging-Header.h */,
			);
			path = "ImagePoster-Bridging-Header";
			sourceTree = "<group>";
		};
		1272295B1C1B2D910070832C /* CustomClasses */ = {
			isa = PBXGroup;
			children = (
				1272295C1C1B2D910070832C /* SimpleCell.swift */,
				1272297C1C1B9FA20070832C /* ReviewCell.swift */,
				127532D71C1D58E200C2BD2C /* Utility.swift */,
				127532D91C1D58EF00C2BD2C /* WebService.swift */,
				127532DB1C1D58FA00C2BD2C /* JsonParser.swift */,
			);
			path = CustomClasses;
			sourceTree = "<group>";
		};
		127229641C1B4B0C0070832C /* Resources */ = {
			isa = PBXGroup;
			children = (
				1272297A1C1B9D1E0070832C /* plusIcon.png */,
				127229741C1B8CB10070832C /* infoIcon.png */,
				127229721C1B8BAE0070832C /* menuIcon.png */,
				1272296B1C1B53240070832C /* searchIcon.png */,
				127229651C1B4B0C0070832C /* tutorialImg.png */,
			);
			path = Resources;
			sourceTree = "<group>";
		};
		127533591C1D598E00C2BD2C /* ASIHTTPRequest */ = {
			isa = PBXGroup;
			children = (
				1275335A1C1D598E00C2BD2C /* ASIAuthenticationDialog.h */,
				1275335B1C1D598E00C2BD2C /* ASIAuthenticationDialog.m */,
				1275335C1C1D598E00C2BD2C /* ASICacheDelegate.h */,
				1275335D1C1D598E00C2BD2C /* ASIDataCompressor.h */,
				1275335E1C1D598E00C2BD2C /* ASIDataCompressor.m */,
				1275335F1C1D598E00C2BD2C /* ASIDataDecompressor.h */,
				127533601C1D598E00C2BD2C /* ASIDataDecompressor.m */,
				127533611C1D598E00C2BD2C /* ASIDownloadCache.h */,
				127533621C1D598E00C2BD2C /* ASIDownloadCache.m */,
				127533631C1D598E00C2BD2C /* ASIFormDataRequest.h */,
				127533641C1D598E00C2BD2C /* ASIFormDataRequest.m */,
				127533651C1D598E00C2BD2C /* ASIHTTPRequest.h */,
				127533661C1D598E00C2BD2C /* ASIHTTPRequest.m */,
				127533671C1D598E00C2BD2C /* ASIHTTPRequestConfig.h */,
				127533681C1D598E00C2BD2C /* ASIHTTPRequestDelegate.h */,
				127533691C1D598E00C2BD2C /* ASIInputStream.h */,
				1275336A1C1D598E00C2BD2C /* ASIInputStream.m */,
				1275336B1C1D598E00C2BD2C /* ASINetworkQueue.h */,
				1275336C1C1D598E00C2BD2C /* ASINetworkQueue.m */,
				1275336D1C1D598E00C2BD2C /* ASIProgressDelegate.h */,
			);
			path = ASIHTTPRequest;
			sourceTree = "<group>";
		};
		127533AC1C1D598E00C2BD2C /* Reachability */ = {
			isa = PBXGroup;
			children = (
				127533AD1C1D598E00C2BD2C /* Reachability.h */,
				127533AE1C1D598E00C2BD2C /* Reachability.m */,
			);
			path = Reachability;
			sourceTree = "<group>";
		};
		127533D91C1D5C7C00C2BD2C /* SBJson */ = {
			isa = PBXGroup;
			children = (
				127533DA1C1D5C7C00C2BD2C /* NSObject+SBJson.h */,
				127533DB1C1D5C7C00C2BD2C /* NSObject+SBJson.m */,
				127533DC1C1D5C7C00C2BD2C /* SBJson.h */,
				127533DD1C1D5C7C00C2BD2C /* SBJsonParser.h */,
				127533DE1C1D5C7C00C2BD2C /* SBJsonParser.m */,
				127533DF1C1D5C7C00C2BD2C /* SBJsonStreamParser.h */,
				127533E01C1D5C7C00C2BD2C /* SBJsonStreamParser.m */,
				127533E11C1D5C7C00C2BD2C /* SBJsonStreamParserAccumulator.h */,
				127533E21C1D5C7C00C2BD2C /* SBJsonStreamParserAccumulator.m */,
				127533E31C1D5C7C00C2BD2C /* SBJsonStreamParserAdapter.h */,
				127533E41C1D5C7C00C2BD2C /* SBJsonStreamParserAdapter.m */,
				127533E51C1D5C7C00C2BD2C /* SBJsonStreamParserState.h */,
				127533E61C1D5C7C00C2BD2C /* SBJsonStreamParserState.m */,
				127533E71C1D5C7C00C2BD2C /* SBJsonStreamWriter.h */,
				127533E81C1D5C7C00C2BD2C /* SBJsonStreamWriter.m */,
				127533E91C1D5C7C00C2BD2C /* SBJsonStreamWriterAccumulator.h */,
				127533EA1C1D5C7C00C2BD2C /* SBJsonStreamWriterAccumulator.m */,
				127533EB1C1D5C7C00C2BD2C /* SBJsonStreamWriterState.h */,
				127533EC1C1D5C7C00C2BD2C /* SBJsonStreamWriterState.m */,
				127533ED1C1D5C7C00C2BD2C /* SBJsonTokeniser.h */,
				127533EE1C1D5C7C00C2BD2C /* SBJsonTokeniser.m */,
				127533EF1C1D5C7C00C2BD2C /* SBJsonUTF8Stream.h */,
				127533F01C1D5C7C00C2BD2C /* SBJsonUTF8Stream.m */,
				127533F11C1D5C7C00C2BD2C /* SBJsonWriter.h */,
				127533F21C1D5C7C00C2BD2C /* SBJsonWriter.m */,
			);
			name = SBJson;
			path = "../../../../../Projects/Best Ride/OBD/OBD/SDKs/SBJson";
			sourceTree = "<group>";
		};
		127534081C1D6F2900C2BD2C /* SVProgressHUD */ = {
			isa = PBXGroup;
			children = (
				127534091C1D6F2900C2BD2C /* SVIndefiniteAnimatedView.h */,
				1275340A1C1D6F2900C2BD2C /* SVIndefiniteAnimatedView.m */,
				1275340B1C1D6F2900C2BD2C /* SVProgressHUD-Prefix.pch */,
				1275340C1C1D6F2900C2BD2C /* SVProgressHUD.bundle */,
				1275340D1C1D6F2900C2BD2C /* SVProgressHUD.h */,
				1275340E1C1D6F2900C2BD2C /* SVProgressHUD.m */,
				1275340F1C1D6F2900C2BD2C /* SVRadialGradientLayer.h */,
				127534101C1D6F2900C2BD2C /* SVRadialGradientLayer.m */,
			);
			path = SVProgressHUD;
			sourceTree = "<group>";
		};
/* End PBXGroup section */

/* Begin PBXNativeTarget section */
		127229151C1B1F600070832C /* ImagePoster */ = {
			isa = PBXNativeTarget;
			buildConfigurationList = 127229281C1B1F600070832C /* Build configuration list for PBXNativeTarget "ImagePoster" */;
			buildPhases = (
				127229121C1B1F600070832C /* Sources */,
				127229131C1B1F600070832C /* Frameworks */,
				127229141C1B1F600070832C /* Resources */,
			);
			buildRules = (
			);
			dependencies = (
			);
			name = ImagePoster;
			productName = ImagePoster;
			productReference = 127229161C1B1F600070832C /* ImagePoster.app */;
			productType = "com.apple.product-type.application";
		};
/* End PBXNativeTarget section */

/* Begin PBXProject section */
		1272290E1C1B1F600070832C /* Project object */ = {
			isa = PBXProject;
			attributes = {
				LastSwiftUpdateCheck = 0710;
				LastUpgradeCheck = 0710;
				ORGANIZATIONNAME = ImagePoster;
				TargetAttributes = {
					127229151C1B1F600070832C = {
						CreatedOnToolsVersion = 7.1;
					};
				};
			};
			buildConfigurationList = 127229111C1B1F600070832C /* Build configuration list for PBXProject "ImagePoster" */;
			compatibilityVersion = "Xcode 3.2";
			developmentRegion = English;
			hasScannedForEncodings = 0;
			knownRegions = (
				en,
				Base,
			);
			mainGroup = 1272290D1C1B1F600070832C;
			productRefGroup = 127229171C1B1F600070832C /* Products */;
			projectDirPath = "";
			projectRoot = "";
			targets = (
				127229151C1B1F600070832C /* ImagePoster */,
			);
		};
/* End PBXProject section */

/* Begin PBXResourcesBuildPhase section */
		127229141C1B1F600070832C /* Resources */ = {
			isa = PBXResourcesBuildPhase;
			buildActionMask = 2147483647;
			files = (
				127229241C1B1F600070832C /* LaunchScreen.storyboard in Resources */,
				127534121C1D6F2900C2BD2C /* SVProgressHUD.bundle in Resources */,
				127229731C1B8BAE0070832C /* menuIcon.png in Resources */,
				127229211C1B1F600070832C /* Assets.xcassets in Resources */,
				127534221C1DB67D00C2BD2C /* TwitterKitResources.bundle in Resources */,
				1272291F1C1B1F600070832C /* Main.storyboard in Resources */,
				1272297B1C1B9D1E0070832C /* plusIcon.png in Resources */,
				127229661C1B4B0C0070832C /* tutorialImg.png in Resources */,
				127229751C1B8CB10070832C /* infoIcon.png in Resources */,
				1272296C1C1B53240070832C /* searchIcon.png in Resources */,
			);
			runOnlyForDeploymentPostprocessing = 0;
		};
/* End PBXResourcesBuildPhase section */

/* Begin PBXSourcesBuildPhase section */
		127229121C1B1F600070832C /* Sources */ = {
			isa = PBXSourcesBuildPhase;
			buildActionMask = 2147483647;
			files = (
				127533B31C1D598E00C2BD2C /* ASIFormDataRequest.m in Sources */,
				1272295F1C1B43850070832C /* RegisterViewController.swift in Sources */,
				127533F61C1D5C7C00C2BD2C /* SBJsonStreamParserAccumulator.m in Sources */,
				127229471C1B20750070832C /* MFSideMenuShadow.m in Sources */,
				127533F41C1D5C7C00C2BD2C /* SBJsonParser.m in Sources */,
				127534111C1D6F2900C2BD2C /* SVIndefiniteAnimatedView.m in Sources */,
				127533FD1C1D5C7C00C2BD2C /* SBJsonUTF8Stream.m in Sources */,
				127532D81C1D58E200C2BD2C /* Utility.swift in Sources */,
				127229791C1B94C90070832C /* MyReviewsViewController.swift in Sources */,
				127229311C1B1FD70070832C /* ViewController.swift in Sources */,
				127533F71C1D5C7C00C2BD2C /* SBJsonStreamParserAdapter.m in Sources */,
				127534131C1D6F2900C2BD2C /* SVProgressHUD.m in Sources */,
				127229631C1B49A10070832C /* TutorialViewController.swift in Sources */,
				127532DC1C1D58FA00C2BD2C /* JsonParser.swift in Sources */,
				127533FC1C1D5C7C00C2BD2C /* SBJsonTokeniser.m in Sources */,
				127229481C1B20750070832C /* UIViewController+MFSideMenuAdditions.m in Sources */,
				127533B01C1D598E00C2BD2C /* ASIDataCompressor.m in Sources */,
				1272297D1C1B9FA20070832C /* ReviewCell.swift in Sources */,
				127229561C1B25E90070832C /* MenuViewController.swift in Sources */,
				127533D41C1D598E00C2BD2C /* Reachability.m in Sources */,
				127229681C1B4D800070832C /* AddReviewViewController.swift in Sources */,
				127533F51C1D5C7C00C2BD2C /* SBJsonStreamParser.m in Sources */,
				127533F91C1D5C7C00C2BD2C /* SBJsonStreamWriter.m in Sources */,
				127533FE1C1D5C7C00C2BD2C /* SBJsonWriter.m in Sources */,
				127533B51C1D598E00C2BD2C /* ASIInputStream.m in Sources */,
				127532DA1C1D58EF00C2BD2C /* WebService.swift in Sources */,
				127533B21C1D598E00C2BD2C /* ASIDownloadCache.m in Sources */,
				127533F81C1D5C7C00C2BD2C /* SBJsonStreamParserState.m in Sources */,
				127229771C1B949E0070832C /* SettingsViewController.swift in Sources */,
				127229611C1B44830070832C /* BaseViewController.swift in Sources */,
				127229581C1B26000070832C /* LoginViewController.swift in Sources */,
				127533FA1C1D5C7C00C2BD2C /* SBJsonStreamWriterAccumulator.m in Sources */,
				127533B41C1D598E00C2BD2C /* ASIHTTPRequest.m in Sources */,
				127229461C1B20750070832C /* MFSideMenuContainerViewController.m in Sources */,
				127533B11C1D598E00C2BD2C /* ASIDataDecompressor.m in Sources */,
				1272296A1C1B51B40070832C /* SearchCompanyViewController.swift in Sources */,
				127533FB1C1D5C7C00C2BD2C /* SBJsonStreamWriterState.m in Sources */,
				127533B61C1D598E00C2BD2C /* ASINetworkQueue.m in Sources */,
				127533F31C1D5C7C00C2BD2C /* NSObject+SBJson.m in Sources */,
				1272295D1C1B2D910070832C /* SimpleCell.swift in Sources */,
				127533AF1C1D598E00C2BD2C /* ASIAuthenticationDialog.m in Sources */,
				127229301C1B1FD70070832C /* AppDelegate.swift in Sources */,
				127534141C1D6F2900C2BD2C /* SVRadialGradientLayer.m in Sources */,
			);
			runOnlyForDeploymentPostprocessing = 0;
		};
/* End PBXSourcesBuildPhase section */

/* Begin PBXVariantGroup section */
		1272291D1C1B1F600070832C /* Main.storyboard */ = {
			isa = PBXVariantGroup;
			children = (
				1272291E1C1B1F600070832C /* Base */,
			);
			name = Main.storyboard;
			sourceTree = "<group>";
		};
		127229221C1B1F600070832C /* LaunchScreen.storyboard */ = {
			isa = PBXVariantGroup;
			children = (
				127229231C1B1F600070832C /* Base */,
			);
			name = LaunchScreen.storyboard;
			sourceTree = "<group>";
		};
/* End PBXVariantGroup section */

/* Begin XCBuildConfiguration section */
		127229261C1B1F600070832C /* Debug */ = {
			isa = XCBuildConfiguration;
			buildSettings = {
				ALWAYS_SEARCH_USER_PATHS = NO;
				CLANG_CXX_LANGUAGE_STANDARD = "gnu++0x";
				CLANG_CXX_LIBRARY = "libc++";
				CLANG_ENABLE_MODULES = YES;
				CLANG_ENABLE_OBJC_ARC = YES;
				CLANG_WARN_BOOL_CONVERSION = YES;
				CLANG_WARN_CONSTANT_CONVERSION = YES;
				CLANG_WARN_DIRECT_OBJC_ISA_USAGE = YES_ERROR;
				CLANG_WARN_EMPTY_BODY = YES;
				CLANG_WARN_ENUM_CONVERSION = YES;
				CLANG_WARN_INT_CONVERSION = YES;
				CLANG_WARN_OBJC_ROOT_CLASS = YES_ERROR;
				CLANG_WARN_UNREACHABLE_CODE = YES;
				CLANG_WARN__DUPLICATE_METHOD_MATCH = YES;
				"CODE_SIGN_IDENTITY[sdk=iphoneos*]" = "iPhone Developer";
				COPY_PHASE_STRIP = NO;
				DEBUG_INFORMATION_FORMAT = dwarf;
				ENABLE_STRICT_OBJC_MSGSEND = YES;
				ENABLE_TESTABILITY = YES;
				GCC_C_LANGUAGE_STANDARD = gnu99;
				GCC_DYNAMIC_NO_PIC = NO;
				GCC_NO_COMMON_BLOCKS = YES;
				GCC_OPTIMIZATION_LEVEL = 0;
				GCC_PREPROCESSOR_DEFINITIONS = (
					"DEBUG=1",
					"$(inherited)",
				);
				GCC_WARN_64_TO_32_BIT_CONVERSION = YES;
				GCC_WARN_ABOUT_RETURN_TYPE = YES_ERROR;
				GCC_WARN_UNDECLARED_SELECTOR = YES;
				GCC_WARN_UNINITIALIZED_AUTOS = YES_AGGRESSIVE;
				GCC_WARN_UNUSED_FUNCTION = YES;
				GCC_WARN_UNUSED_VARIABLE = YES;
				IPHONEOS_DEPLOYMENT_TARGET = 9.1;
				MTL_ENABLE_DEBUG_INFO = YES;
				ONLY_ACTIVE_ARCH = YES;
				SDKROOT = iphoneos;
				SWIFT_OPTIMIZATION_LEVEL = "-Onone";
				TARGETED_DEVICE_FAMILY = "1,2";
			};
			name = Debug;
		};
		127229271C1B1F600070832C /* Release */ = {
			isa = XCBuildConfiguration;
			buildSettings = {
				ALWAYS_SEARCH_USER_PATHS = NO;
				CLANG_CXX_LANGUAGE_STANDARD = "gnu++0x";
				CLANG_CXX_LIBRARY = "libc++";
				CLANG_ENABLE_MODULES = YES;
				CLANG_ENABLE_OBJC_ARC = YES;
				CLANG_WARN_BOOL_CONVERSION = YES;
				CLANG_WARN_CONSTANT_CONVERSION = YES;
				CLANG_WARN_DIRECT_OBJC_ISA_USAGE = YES_ERROR;
				CLANG_WARN_EMPTY_BODY = YES;
				CLANG_WARN_ENUM_CONVERSION = YES;
				CLANG_WARN_INT_CONVERSION = YES;
				CLANG_WARN_OBJC_ROOT_CLASS = YES_ERROR;
				CLANG_WARN_UNREACHABLE_CODE = YES;
				CLANG_WARN__DUPLICATE_METHOD_MATCH = YES;
				"CODE_SIGN_IDENTITY[sdk=iphoneos*]" = "iPhone Developer";
				COPY_PHASE_STRIP = NO;
				DEBUG_INFORMATION_FORMAT = "dwarf-with-dsym";
				ENABLE_NS_ASSERTIONS = NO;
				ENABLE_STRICT_OBJC_MSGSEND = YES;
				GCC_C_LANGUAGE_STANDARD = gnu99;
				GCC_NO_COMMON_BLOCKS = YES;
				GCC_WARN_64_TO_32_BIT_CONVERSION = YES;
				GCC_WARN_ABOUT_RETURN_TYPE = YES_ERROR;
				GCC_WARN_UNDECLARED_SELECTOR = YES;
				GCC_WARN_UNINITIALIZED_AUTOS = YES_AGGRESSIVE;
				GCC_WARN_UNUSED_FUNCTION = YES;
				GCC_WARN_UNUSED_VARIABLE = YES;
				IPHONEOS_DEPLOYMENT_TARGET = 9.1;
				MTL_ENABLE_DEBUG_INFO = NO;
				SDKROOT = iphoneos;
				TARGETED_DEVICE_FAMILY = "1,2";
				VALIDATE_PRODUCT = YES;
			};
			name = Release;
		};
		127229291C1B1F600070832C /* Debug */ = {
			isa = XCBuildConfiguration;
			buildSettings = {
				ASSETCATALOG_COMPILER_APPICON_NAME = AppIcon;
				FRAMEWORK_SEARCH_PATHS = (
					"$(inherited)",
					"$(PROJECT_DIR)/ImagePoster/SDKs",
				);
				INFOPLIST_FILE = ImagePoster/Info.plist;
				IPHONEOS_DEPLOYMENT_TARGET = 8.0;
				LD_RUNPATH_SEARCH_PATHS = "$(inherited) @executable_path/Frameworks";
				PRODUCT_BUNDLE_IDENTIFIER = com.imagePoster.ImagePoster;
				PRODUCT_NAME = "$(TARGET_NAME)";
				SWIFT_OBJC_BRIDGING_HEADER = "ImagePoster/ImagePoster-Bridging-Header/ImagePoster-Bridging-Header.h";
				"SWIFT_OBJC_BRIDGING_HEADER[arch=*]" = "ImagePoster/ImagePoster-Bridging-Header/ImagePoster-Bridging-Header.h";
			};
			name = Debug;
		};
		1272292A1C1B1F600070832C /* Release */ = {
			isa = XCBuildConfiguration;
			buildSettings = {
				ASSETCATALOG_COMPILER_APPICON_NAME = AppIcon;
				FRAMEWORK_SEARCH_PATHS = (
					"$(inherited)",
					"$(PROJECT_DIR)/ImagePoster/SDKs",
				);
				INFOPLIST_FILE = ImagePoster/Info.plist;
				IPHONEOS_DEPLOYMENT_TARGET = 8.0;
				LD_RUNPATH_SEARCH_PATHS = "$(inherited) @executable_path/Frameworks";
				PRODUCT_BUNDLE_IDENTIFIER = com.imagePoster.ImagePoster;
				PRODUCT_NAME = "$(TARGET_NAME)";
				SWIFT_OBJC_BRIDGING_HEADER = "ImagePoster/ImagePoster-Bridging-Header/ImagePoster-Bridging-Header.h";
				"SWIFT_OBJC_BRIDGING_HEADER[arch=*]" = "ImagePoster/ImagePoster-Bridging-Header/ImagePoster-Bridging-Header.h";
			};
			name = Release;
		};
/* End XCBuildConfiguration section */

/* Begin XCConfigurationList section */
		127229111C1B1F600070832C /* Build configuration list for PBXProject "ImagePoster" */ = {
			isa = XCConfigurationList;
			buildConfigurations = (
				127229261C1B1F600070832C /* Debug */,
				127229271C1B1F600070832C /* Release */,
			);
			defaultConfigurationIsVisible = 0;
			defaultConfigurationName = Release;
		};
		127229281C1B1F600070832C /* Build configuration list for PBXNativeTarget "ImagePoster" */ = {
			isa = XCConfigurationList;
			buildConfigurations = (
				127229291C1B1F600070832C /* Debug */,
				1272292A1C1B1F600070832C /* Release */,
			);
			defaultConfigurationIsVisible = 0;
			defaultConfigurationName = Release;
		};
/* End XCConfigurationList section */
	};
	rootObject = 1272290E1C1B1F600070832C /* Project object */;
}
